
Microsoft Visual Studio Solution File, Format Version 12.00
# Visual Studio 15
VisualStudioVersion = 15.0.28307.329
MinimumVisualStudioVersion = 10.0.40219.1
Project("{FAE04EC0-301F-11D3-BF4B-00C04F79EFBC}") = "Game1", "Game1.csproj", "{5C543675-CCAB-461D-BCD2-A25B6B95F7E3}"
EndProject
Global
	GlobalSection(SolutionConfigurationPlatforms) = preSolution
		Debug|x86 = Debug|x86
		Release|x86 = Release|x86
	EndGlobalSection
	GlobalSection(ProjectConfigurationPlatforms) = postSolution
		{5C543675-CCAB-461D-BCD2-A25B6B95F7E3}.Debug|x86.ActiveCfg = Debug|x86
		{5C543675-CCAB-461D-BCD2-A25B6B95F7E3}.Debug|x86.Build.0 = Debug|x86
		{5C543675-CCAB-461D-BCD2-A25B6B95F7E3}.Release|x86.ActiveCfg = Release|x86
		{5C543675-CCAB-461D-BCD2-A25B6B95F7E3}.Release|x86.Build.0 = Release|x86
	EndGlobalSection
	GlobalSection(SolutionProperties) = preSolution
		HideSolutionNode = FALSE
	EndGlobalSection
	GlobalSection(ExtensibilityGlobals) = postSolution
		SolutionGuid = {72C887B5-EC31-43C2-AF61-CD4A1A579CE7}
	EndGlobalSection
EndGlobal
